<?xml version="1.0" encoding="utf-8"?>
<Project ToolsVersion="4.0" xmlns="http://schemas.microsoft.com/developer/msbuild/2003">
  <ItemGroup>
    <Filter Include="Source Files">
      <UniqueIdentifier>{4FC737F1-C7A5-4376-A066-2A32D752A2FF}</UniqueIdentifier>
      <Extensions>cpp;c;cc;cxx;c++;cppm;ixx;def;odl;idl;hpj;bat;asm;asmx</Extensions>
    </Filter>
    <Filter Include="Header Files">
      <UniqueIdentifier>{93995380-89BD-4b04-88EB-625FBE52EBFB}</UniqueIdentifier>
      <Extensions>h;hh;hpp;hxx;h++;hm;inl;inc;ipp;xsd</Extensions>
    </Filter>
    <Filter Include="Resource Files">
      <UniqueIdentifier>{67DA6AB6-F800-4c08-8B7A-83BB121AAD01}</UniqueIdentifier>
      <Extensions>rc;ico;cur;bmp;dlg;rc2;rct;bin;rgs;gif;jpg;jpeg;jpe;resx;tiff;tif;png;wav;mfcribbon-ms</Extensions>
    </Filter>
    <Filter Include="Source Files\Functionality">
      <UniqueIdentifier>{f258688f-3c71-4021-b257-4a8cfd3f35d6}</UniqueIdentifier>
    </Filter>
    <Filter Include="Header Files\Functionality">
      <UniqueIdentifier>{7a498213-face-4ef2-b0a6-0795e3c29a9a}</UniqueIdentifier>
    </Filter>
  </ItemGroup>
  <ItemGroup>
    <ClInclude Include="framework.h">
      <Filter>Header Files</Filter>
    </ClInclude>
    <ClInclude Include="targetver.h">
      <Filter>Header Files</Filter>
    </ClInclude>
    <ClInclude Include="Resource.h">
      <Filter>Header Files</Filter>
    </ClInclude>
    <ClInclude Include="include\imgui_internal.h">
      <Filter>Header Files</Filter>
    </ClInclude>
    <ClInclude Include="CPU Simulator\src\core\CPU.h">
      <Filter>Header Files</Filter>
    </ClInclude>
    <ClInclude Include="CPU Simulator\src\core\InstructionDef.h">
      <Filter>Header Files</Filter>
    </ClInclude>
    <ClInclude Include="CPU Simulator\src\core\MemoryUnit.h">
      <Filter>Header Files</Filter>
    </ClInclude>
    <ClInclude Include="CPU Simulator\src\assembler\ISAEntry.h">
      <Filter>Header Files</Filter>
    </ClInclude>
    <ClInclude Include="CPU Simulator\src\debugger\Dissasembler.h">
      <Filter>Header Files</Filter>
    </ClInclude>
    <ClInclude Include="CPU Simulator\src\ui\EditorUI.h">
      <Filter>Header Files</Filter>
    </ClInclude>
    <ClInclude Include="src\assembler\ISAEntry.h">
      <Filter>Header Files</Filter>
    </ClInclude>
    <ClInclude Include="src\core\CPU.h">
      <Filter>Header Files</Filter>
    </ClInclude>
    <ClInclude Include="src\core\InstructionDef.h">
      <Filter>Header Files</Filter>
    </ClInclude>
    <ClInclude Include="src\core\MemoryUnit.h">
      <Filter>Header Files</Filter>
    </ClInclude>
    <ClInclude Include="src\debugger\Dissasembler.h">
      <Filter>Header Files</Filter>
    </ClInclude>
    <ClInclude Include="src\ui\EditorUI.h">
      <Filter>Header Files</Filter>
    </ClInclude>
    <ClInclude Include="src\assembler\InstructionDef.h">
      <Filter>Header Files</Filter>
    </ClInclude>
    <ClInclude Include="src\assembler\Lexer.h">
      <Filter>Header Files</Filter>
    </ClInclude>
    <ClInclude Include="src\assembler\Token.h">
      <Filter>Header Files</Filter>
    </ClInclude>
  </ItemGroup>
  <ItemGroup>
    <ClCompile Include="Main.cpp">
      <Filter>Source Files</Filter>
    </ClCompile>
    <ClCompile Include="include\imgui.cpp">
      <Filter>Source Files</Filter>
    </ClCompile>
    <ClCompile Include="include\imgui_draw.cpp">
      <Filter>Source Files</Filter>
    </ClCompile>
    <ClCompile Include="include\imgui_tables.cpp">
      <Filter>Source Files</Filter>
    </ClCompile>
    <ClCompile Include="include\imgui_widgets.cpp">
      <Filter>Source Files</Filter>
    </ClCompile>
    <ClCompile Include="include\imgui-SFML.cpp">
      <Filter>Source Files</Filter>
    </ClCompile>
    <ClCompile Include="include\imgui_demo.cpp">
      <Filter>Source Files</Filter>
    </ClCompile>
    <ClCompile Include="src\assembler\ISAEntry.cpp">
      <Filter>Source Files</Filter>
    </ClCompile>
    <ClCompile Include="src\core\CPU.cpp">
      <Filter>Source Files</Filter>
    </ClCompile>
    <ClCompile Include="src\core\MemoryUnit.cpp">
      <Filter>Source Files</Filter>
    </ClCompile>
    <ClCompile Include="src\debugger\Dissasembler.cpp">
      <Filter>Source Files</Filter>
    </ClCompile>
    <ClCompile Include="src\ui\EditorUI.cpp">
      <Filter>Source Files</Filter>
    </ClCompile>
    <ClCompile Include="src\assembler\Lexer.cpp">
      <Filter>Source Files</Filter>
    </ClCompile>
  </ItemGroup>
  <ItemGroup>
    <ResourceCompile Include="CPU Simulator.rc">
      <Filter>Resource Files</Filter>
    </ResourceCompile>
  </ItemGroup>
  <ItemGroup>
    <Image Include="CPU Simulator.ico">
      <Filter>Resource Files</Filter>
    </Image>
  </ItemGroup>
  <ItemGroup>
    <Text Include="CPU Simulator\resources\program.txt" />
    <Text Include="resources\program.txt" />
  </ItemGroup>
  <ItemGroup>
    <None Include="CPU Simulator\resources\README.md" />
    <None Include="resources\README.md" />
  </ItemGroup>
</Project>